	<Project xmlns="http://schemas.microsoft.com/developer/msbuild/2003">
		<PropertyGroup>
			<ProjectGuid>{634be604-b73a-4b3d-bc81-719c905199e6}</ProjectGuid>
			<MainSource>PascalScript_Core_D11.dpk</MainSource>
			<Configuration Condition=" '$(Configuration)' == '' ">Debug</Configuration>
			<Platform Condition=" '$(Platform)' == '' ">AnyCPU</Platform>
			<DCC_DCCCompiler>DCC32</DCC_DCCCompiler>
			<DCC_DependencyCheckOutputName>..\Dcu\D11\PascalScript_Core_D11.bpl</DCC_DependencyCheckOutputName>
			<ProjectVersion>12.0</ProjectVersion>
			<Config Condition="'$(Config)'==''">Debug</Config>
		</PropertyGroup>
		<PropertyGroup Condition="'$(Config)'=='Base' or '$(Base)'!=''">
			<Base>true</Base>
		</PropertyGroup>
		<PropertyGroup Condition="'$(Config)'=='Release' or '$(Cfg_1)'!=''">
			<Cfg_1>true</Cfg_1>
			<CfgParent>Base</CfgParent>
			<Base>true</Base>
		</PropertyGroup>
		<PropertyGroup Condition="'$(Config)'=='Debug' or '$(Cfg_2)'!=''">
			<Cfg_2>true</Cfg_2>
			<CfgParent>Base</CfgParent>
			<Base>true</Base>
		</PropertyGroup>
		<PropertyGroup Condition="'$(Base)'!=''">
			<DCC_ImageBase>00400000</DCC_ImageBase>
			<DesignOnlyPackage>true</DesignOnlyPackage>
			<DCC_Description>RemObjects Pascal Script - Core Package</DCC_Description>
			<DCC_DependencyCheckOutputName>C:\Documents and Settings\All Users\Documents\RAD Studio\6.0\Bpl\PascalScript_Core_D11.bpl</DCC_DependencyCheckOutputName>
			<DCC_GenerateStackFrames>true</DCC_GenerateStackFrames>
			<DCC_OutputNeverBuildDcps>true</DCC_OutputNeverBuildDcps>
			<GenDll>true</GenDll>
			<DCC_SymbolReferenceInfo>1</DCC_SymbolReferenceInfo>
			<GenPackage>true</GenPackage>
		</PropertyGroup>
		<PropertyGroup Condition="'$(Cfg_1)'!=''">
			<DCC_DependencyCheckOutputName>..\Dcu\D10\PascalScript_Core_D11.bpl</DCC_DependencyCheckOutputName>
			<Version>7.0</Version>
			<DCC_DebugInformation>False</DCC_DebugInformation>
			<DCC_LocalDebugSymbols>False</DCC_LocalDebugSymbols>
			<DCC_GenerateStackFrames>True</DCC_GenerateStackFrames>
			<DCC_SymbolReferenceInfo>0</DCC_SymbolReferenceInfo>
			<DCC_DcuOutput>..\Dcu\D10</DCC_DcuOutput>
			<DCC_ObjOutput>..\Dcu\D10</DCC_ObjOutput>
			<DCC_HppOutput>..\Dcu\D10</DCC_HppOutput>
			<DCC_BplOutput>..\Dcu\D10</DCC_BplOutput>
			<DCC_DcpOutput>..\Dcu\D10</DCC_DcpOutput>
			<DCC_UnitSearchPath>..\Dcu\D10;$(DCC_UnitSearchPath)</DCC_UnitSearchPath>
			<DCC_ResourcePath>..\Dcu\D10;$(DCC_ResourcePath)</DCC_ResourcePath>
			<DCC_ObjPath>..\Dcu\D10;$(DCC_ObjPath)</DCC_ObjPath>
			<DCC_IncludePath>..\Dcu\D10;$(DCC_IncludePath)</DCC_IncludePath>
			<DCC_Define>RELEASE;$(DCC_Define)</DCC_Define>
			<DCC_SYMBOL_DEPRECATED>False</DCC_SYMBOL_DEPRECATED>
			<DCC_SYMBOL_LIBRARY>False</DCC_SYMBOL_LIBRARY>
			<DCC_SYMBOL_PLATFORM>False</DCC_SYMBOL_PLATFORM>
			<DCC_SYMBOL_EXPERIMENTAL>False</DCC_SYMBOL_EXPERIMENTAL>
			<DCC_UNIT_LIBRARY>False</DCC_UNIT_LIBRARY>
			<DCC_UNIT_PLATFORM>False</DCC_UNIT_PLATFORM>
			<DCC_UNIT_DEPRECATED>False</DCC_UNIT_DEPRECATED>
			<DCC_UNIT_EXPERIMENTAL>False</DCC_UNIT_EXPERIMENTAL>
		</PropertyGroup>
		<PropertyGroup Condition="'$(Cfg_2)'!=''">
			<DCC_DependencyCheckOutputName>..\Dcu\D11\PascalScript_Core_D11.bpl</DCC_DependencyCheckOutputName>
			<Version>7.0</Version>
			<DCC_GenerateStackFrames>True</DCC_GenerateStackFrames>
			<DCC_DcuOutput>..\Dcu\D11</DCC_DcuOutput>
			<DCC_ObjOutput>..\Dcu\D11</DCC_ObjOutput>
			<DCC_HppOutput>..\Dcu\D11</DCC_HppOutput>
			<DCC_BplOutput>..\Dcu\D11</DCC_BplOutput>
			<DCC_DcpOutput>..\Dcu\D11</DCC_DcpOutput>
			<DCC_UnitSearchPath>..\Dcu\D11;$(DCC_UnitSearchPath)</DCC_UnitSearchPath>
			<DCC_ResourcePath>..\Dcu\D11;$(DCC_ResourcePath)</DCC_ResourcePath>
			<DCC_ObjPath>..\Dcu\D11;$(DCC_ObjPath)</DCC_ObjPath>
			<DCC_IncludePath>..\Dcu\D11;$(DCC_IncludePath)</DCC_IncludePath>
			<DCC_SYMBOL_DEPRECATED>False</DCC_SYMBOL_DEPRECATED>
			<DCC_SYMBOL_LIBRARY>False</DCC_SYMBOL_LIBRARY>
			<DCC_SYMBOL_PLATFORM>False</DCC_SYMBOL_PLATFORM>
			<DCC_SYMBOL_EXPERIMENTAL>False</DCC_SYMBOL_EXPERIMENTAL>
			<DCC_UNIT_LIBRARY>False</DCC_UNIT_LIBRARY>
			<DCC_UNIT_PLATFORM>False</DCC_UNIT_PLATFORM>
			<DCC_UNIT_DEPRECATED>False</DCC_UNIT_DEPRECATED>
			<DCC_UNIT_EXPERIMENTAL>False</DCC_UNIT_EXPERIMENTAL>
		</PropertyGroup>
		<ItemGroup>
			<DelphiCompile Include="PascalScript_Core_D11.dpk">
				<MainSource>MainSource</MainSource>
			</DelphiCompile>
			<DCCReference Include="rtl.dcp"/>
			<DCCReference Include="vcl.dcp"/>
			<DCCReference Include="dbrtl.dcp"/>
			<DCCReference Include="uPSC_extctrls.pas"/>
			<DCCReference Include="uPSC_forms.pas"/>
			<DCCReference Include="uPSC_graphics.pas"/>
			<DCCReference Include="uPSC_menus.pas"/>
			<DCCReference Include="uPSC_std.pas"/>
			<DCCReference Include="uPSC_stdctrls.pas"/>
			<DCCReference Include="uPSCompiler.pas"/>
			<DCCReference Include="uPSComponent.pas"/>
			<DCCReference Include="uPSComponent_COM.pas"/>
			<DCCReference Include="uPSComponent_Controls.pas"/>
			<DCCReference Include="uPSComponent_DB.pas"/>
			<DCCReference Include="uPSComponent_Default.pas"/>
			<DCCReference Include="uPSComponent_Forms.pas"/>
			<DCCReference Include="uPSComponent_StdCtrls.pas"/>
			<DCCReference Include="uPSDebugger.pas"/>
			<DCCReference Include="uPSDisassembly.pas"/>
			<DCCReference Include="uPSPreProcessor.pas"/>
			<DCCReference Include="uPSR_buttons.pas"/>
			<DCCReference Include="uPSR_classes.pas"/>
			<DCCReference Include="uPSR_comobj.pas"/>
			<DCCReference Include="uPSR_controls.pas"/>
			<DCCReference Include="uPSR_dateutils.pas"/>
			<DCCReference Include="uPSR_DB.pas"/>
			<DCCReference Include="uPSR_dll.pas"/>
			<DCCReference Include="uPSR_extctrls.pas"/>
			<DCCReference Include="uPSR_forms.pas"/>
			<DCCReference Include="uPSR_graphics.pas"/>
			<DCCReference Include="uPSR_menus.pas"/>
			<DCCReference Include="uPSR_std.pas"/>
			<DCCReference Include="uPSR_stdctrls.pas"/>
			<DCCReference Include="uPSRuntime.pas"/>
			<DCCReference Include="uPSUtils.pas"/>
			<DCCReference Include="uPSC_buttons.pas"/>
			<DCCReference Include="uPSC_classes.pas"/>
			<DCCReference Include="uPSC_comobj.pas"/>
			<DCCReference Include="uPSC_controls.pas"/>
			<DCCReference Include="uPSC_dateutils.pas"/>
			<DCCReference Include="uPSC_DB.pas"/>
			<DCCReference Include="uPSC_dll.pas"/>
			<DCCReference Include="PascalScript_Core_Reg.pas"/>
			<BuildConfiguration Include="Base">
				<Key>Base</Key>
			</BuildConfiguration>
			<BuildConfiguration Include="Debug">
				<Key>Cfg_2</Key>
				<CfgParent>Base</CfgParent>
			</BuildConfiguration>
			<BuildConfiguration Include="Release">
				<Key>Cfg_1</Key>
				<CfgParent>Base</CfgParent>
			</BuildConfiguration>
		</ItemGroup>
		<Import Project="$(BDS)\Bin\CodeGear.Delphi.Targets" Condition="Exists('$(BDS)\Bin\CodeGear.Delphi.Targets')"/>
		<ProjectExtensions>
			<Borland.Personality>Delphi.Personality.12</Borland.Personality>
			<Borland.ProjectType>Package</Borland.ProjectType>
			<BorlandProject>
				<Delphi.Personality>
					<Parameters>
						<Parameters Name="UseLauncher">False</Parameters>
						<Parameters Name="LoadAllSymbols">True</Parameters>
						<Parameters Name="LoadUnspecifiedSymbols">False</Parameters>
					</Parameters>
					<VersionInfo>
						<VersionInfo Name="IncludeVerInfo">True</VersionInfo>
						<VersionInfo Name="AutoIncBuild">False</VersionInfo>
						<VersionInfo Name="MajorVer">3</VersionInfo>
						<VersionInfo Name="MinorVer">0</VersionInfo>
						<VersionInfo Name="Release">6</VersionInfo>
						<VersionInfo Name="Build">442</VersionInfo>
						<VersionInfo Name="Debug">False</VersionInfo>
						<VersionInfo Name="PreRelease">False</VersionInfo>
						<VersionInfo Name="Special">False</VersionInfo>
						<VersionInfo Name="Private">False</VersionInfo>
						<VersionInfo Name="DLL">False</VersionInfo>
						<VersionInfo Name="Locale">1033</VersionInfo>
						<VersionInfo Name="CodePage">1252</VersionInfo>
					</VersionInfo>
					<VersionInfoKeys>
						<VersionInfoKeys Name="CompanyName">RemObjects Software</VersionInfoKeys>
						<VersionInfoKeys Name="FileDescription"/>
						<VersionInfoKeys Name="FileVersion">3.0.6.442</VersionInfoKeys>
						<VersionInfoKeys Name="InternalName"/>
						<VersionInfoKeys Name="LegalCopyright"/>
						<VersionInfoKeys Name="LegalTrademarks"/>
						<VersionInfoKeys Name="OriginalFilename"/>
						<VersionInfoKeys Name="ProductName">Pascal Script</VersionInfoKeys>
						<VersionInfoKeys Name="ProductVersion">3.0.0.0</VersionInfoKeys>
						<VersionInfoKeys Name="CompileDate">Tuesday, March 21, 2006 1:32 PM</VersionInfoKeys>
						<VersionInfoKeys Name="Compile Date">Monday, February 28, 2005 3:33 PM</VersionInfoKeys>
					</VersionInfoKeys>
					<Source>
						<Source Name="MainSource">PascalScript_Core_D11.dpk</Source>
					</Source>
				</Delphi.Personality>
			</BorlandProject>
			<ProjectFileVersion>12</ProjectFileVersion>
		</ProjectExtensions>
	</Project>
